
Microsoft Visual Studio Solution File, Format Version 12.00
# Visual Studio Version 16
VisualStudioVersion = 16.0.31624.102
MinimumVisualStudioVersion = 10.0.40219.1
Project("{FAE04EC0-301F-11D3-BF4B-00C04F79EFBC}") = "labBigSchool_VuongBuuKhang", "labBigSchool_VuongBuuKhang\labBigSchool_VuongBuuKhang.csproj", "{E486F89E-AAFE-4E24-8458-00B8F0111B44}"
EndProject
Global
	GlobalSection(SolutionConfigurationPlatforms) = preSolution
		Debug|Any CPU = Debug|Any CPU
		Release|Any CPU = Release|Any CPU
	EndGlobalSection
	GlobalSection(ProjectConfigurationPlatforms) = postSolution
		{E486F89E-AAFE-4E24-8458-00B8F0111B44}.Debug|Any CPU.ActiveCfg = Debug|Any CPU
		{E486F89E-AAFE-4E24-8458-00B8F0111B44}.Debug|Any CPU.Build.0 = Debug|Any CPU
		{E486F89E-AAFE-4E24-8458-00B8F0111B44}.Release|Any CPU.ActiveCfg = Release|Any CPU
		{E486F89E-AAFE-4E24-8458-00B8F0111B44}.Release|Any CPU.Build.0 = Release|Any CPU
	EndGlobalSection
	GlobalSection(SolutionProperties) = preSolution
		HideSolutionNode = FALSE
	EndGlobalSection
	GlobalSection(ExtensibilityGlobals) = postSolution
		SolutionGuid = {C4B22652-73A6-44FD-9555-01BCCB504F96}
	EndGlobalSection
EndGlobal
